
Microsoft Visual Studio Solution File, Format Version 12.00
# Visual Studio Version 17
VisualStudioVersion = 17.11.35312.102
MinimumVisualStudioVersion = 10.0.40219.1
Project("{FAE04EC0-301F-11D3-BF4B-00C04F79EFBC}") = "Week12", "Week12\Week12.csproj", "{1249EB61-C497-42F6-9EF2-E7764FED0FDD}"
EndProject
Project("{FAE04EC0-301F-11D3-BF4B-00C04F79EFBC}") = "DataManagement", "DataManagement\DataManagement.csproj", "{A2716611-E5FD-4AFF-BDF0-4AA1B822F1EC}"
EndProject
Global
	GlobalSection(SolutionConfigurationPlatforms) = preSolution
		Debug|Any CPU = Debug|Any CPU
		Release|Any CPU = Release|Any CPU
	EndGlobalSection
	GlobalSection(ProjectConfigurationPlatforms) = postSolution
		{1249EB61-C497-42F6-9EF2-E7764FED0FDD}.Debug|Any CPU.ActiveCfg = Debug|Any CPU
		{1249EB61-C497-42F6-9EF2-E7764FED0FDD}.Debug|Any CPU.Build.0 = Debug|Any CPU
		{1249EB61-C497-42F6-9EF2-E7764FED0FDD}.Release|Any CPU.ActiveCfg = Release|Any CPU
		{1249EB61-C497-42F6-9EF2-E7764FED0FDD}.Release|Any CPU.Build.0 = Release|Any CPU
		{A2716611-E5FD-4AFF-BDF0-4AA1B822F1EC}.Debug|Any CPU.ActiveCfg = Debug|Any CPU
		{A2716611-E5FD-4AFF-BDF0-4AA1B822F1EC}.Debug|Any CPU.Build.0 = Debug|Any CPU
		{A2716611-E5FD-4AFF-BDF0-4AA1B822F1EC}.Release|Any CPU.ActiveCfg = Release|Any CPU
		{A2716611-E5FD-4AFF-BDF0-4AA1B822F1EC}.Release|Any CPU.Build.0 = Release|Any CPU
	EndGlobalSection
	GlobalSection(SolutionProperties) = preSolution
		HideSolutionNode = FALSE
	EndGlobalSection
	GlobalSection(ExtensibilityGlobals) = postSolution
		SolutionGuid = {615AE671-37D6-404C-A7B5-65FAB73C2F9C}
	EndGlobalSection
EndGlobal
